
Microsoft Visual Studio Solution File, Format Version 12.00
Project("{FAE04EC0-301F-11D3-BF4B-00C04F79EFBC}") = "EfConnectionError", "EfConnectionError\EfConnectionError.csproj", "{2E51A681-A149-43D1-94D4-2453EAF19A3F}"
EndProject
Project("{FAE04EC0-301F-11D3-BF4B-00C04F79EFBC}") = "EfConnectionError.Data", "EfConnectionError.Data\EfConnectionError.Data.csproj", "{3C5F90C5-4C0F-4E50-8957-F90EC1057DF9}"
EndProject
Global
	GlobalSection(SolutionConfigurationPlatforms) = preSolution
		Debug|Any CPU = Debug|Any CPU
		Release|Any CPU = Release|Any CPU
	EndGlobalSection
	GlobalSection(ProjectConfigurationPlatforms) = postSolution
		{2E51A681-A149-43D1-94D4-2453EAF19A3F}.Debug|Any CPU.ActiveCfg = Debug|Any CPU
		{2E51A681-A149-43D1-94D4-2453EAF19A3F}.Debug|Any CPU.Build.0 = Debug|Any CPU
		{2E51A681-A149-43D1-94D4-2453EAF19A3F}.Release|Any CPU.ActiveCfg = Release|Any CPU
		{2E51A681-A149-43D1-94D4-2453EAF19A3F}.Release|Any CPU.Build.0 = Release|Any CPU
		{3C5F90C5-4C0F-4E50-8957-F90EC1057DF9}.Debug|Any CPU.ActiveCfg = Debug|Any CPU
		{3C5F90C5-4C0F-4E50-8957-F90EC1057DF9}.Debug|Any CPU.Build.0 = Debug|Any CPU
		{3C5F90C5-4C0F-4E50-8957-F90EC1057DF9}.Release|Any CPU.ActiveCfg = Release|Any CPU
		{3C5F90C5-4C0F-4E50-8957-F90EC1057DF9}.Release|Any CPU.Build.0 = Release|Any CPU
	EndGlobalSection
EndGlobal
